// !$*UTF8*$!
{
	archiveVersion = 1;
	classes = {
	};
	objectVersion = 55;
	objects = {

/* Begin PBXBuildFile section */
		012D2C27288C33270063BB1E /* ThemeMenuButton.swift in Sources */ = {isa = PBXBuildFile; fileRef = 012D2C26288C33270063BB1E /* ThemeMenuButton.swift */; };
		0183F44A2869DAF7005B3243 /* TasksTableViewCell.swift in Sources */ = {isa = PBXBuildFile; fileRef = 0183F4492869DAF7005B3243 /* TasksTableViewCell.swift */; };
		0193D28928A7C65E00F929DC /* OpenSourceLicenseViewController.swift in Sources */ = {isa = PBXBuildFile; fileRef = 0193D28828A7C65E00F929DC /* OpenSourceLicenseViewController.swift */; };
		019EE54F28742F9F00804889 /* Date+Extensions.swift in Sources */ = {isa = PBXBuildFile; fileRef = 019EE54E28742F9F00804889 /* Date+Extensions.swift */; };
		01B4BE0328882884004CE987 /* SettingsTableViewCell.swift in Sources */ = {isa = PBXBuildFile; fileRef = 01B4BE0228882884004CE987 /* SettingsTableViewCell.swift */; };
		01EF8628287BECDD005F037A /* SettingsSection.swift in Sources */ = {isa = PBXBuildFile; fileRef = 01EF8627287BECDD005F037A /* SettingsSection.swift */; };
		01EF8650287DAD1B005F037A /* ReadTaskUseCase.swift in Sources */ = {isa = PBXBuildFile; fileRef = 01EF864F287DAD1B005F037A /* ReadTaskUseCase.swift */; };
		440216CC28A3B959008930FD /* RxRealm in Frameworks */ = {isa = PBXBuildFile; productRef = 440216CB28A3B959008930FD /* RxRealm */; };
		440216D028AB847D008930FD /* OpenSourceLicenseViewModel.swift in Sources */ = {isa = PBXBuildFile; fileRef = 440216CF28AB847D008930FD /* OpenSourceLicenseViewModel.swift */; };
		440216E028AB8E65008930FD /* realm-swift.txt in Resources */ = {isa = PBXBuildFile; fileRef = 440216DB28AB8E64008930FD /* realm-swift.txt */; };
		440216E128AB8E65008930FD /* SnapKit.txt in Resources */ = {isa = PBXBuildFile; fileRef = 440216DC28AB8E64008930FD /* SnapKit.txt */; };
		440216E228AB8E65008930FD /* RxRealm.txt in Resources */ = {isa = PBXBuildFile; fileRef = 440216DD28AB8E64008930FD /* RxRealm.txt */; };
		440216E328AB8E65008930FD /* RxSwift.txt in Resources */ = {isa = PBXBuildFile; fileRef = 440216DE28AB8E64008930FD /* RxSwift.txt */; };
		440216E428AB8E65008930FD /* RxDataSources.txt in Resources */ = {isa = PBXBuildFile; fileRef = 440216DF28AB8E65008930FD /* RxDataSources.txt */; };
		440216E628AB8ED2008930FD /* ReadBundleResourceUseCase.swift in Sources */ = {isa = PBXBuildFile; fileRef = 440216E528AB8ED2008930FD /* ReadBundleResourceUseCase.swift */; };
		442473BC2865874D0059CFCC /* TasksViewController.swift in Sources */ = {isa = PBXBuildFile; fileRef = 442473BB2865874D0059CFCC /* TasksViewController.swift */; };
		442473BE286587E20059CFCC /* TasksViewModel.swift in Sources */ = {isa = PBXBuildFile; fileRef = 442473BD286587E20059CFCC /* TasksViewModel.swift */; };
		442473C0286589310059CFCC /* FormViewController.swift in Sources */ = {isa = PBXBuildFile; fileRef = 442473BF286589310059CFCC /* FormViewController.swift */; };
		442473C22865894A0059CFCC /* FormViewModel.swift in Sources */ = {isa = PBXBuildFile; fileRef = 442473C12865894A0059CFCC /* FormViewModel.swift */; };
		442473C4286589700059CFCC /* SettingsViewController.swift in Sources */ = {isa = PBXBuildFile; fileRef = 442473C3286589700059CFCC /* SettingsViewController.swift */; };
		442473C6286589850059CFCC /* SettingsViewModel.swift in Sources */ = {isa = PBXBuildFile; fileRef = 442473C5286589850059CFCC /* SettingsViewModel.swift */; };
		442473CA2865D1660059CFCC /* Task.swift in Sources */ = {isa = PBXBuildFile; fileRef = 442473C92865D1660059CFCC /* Task.swift */; };
		442473D12869B8290059CFCC /* TaskRepository.swift in Sources */ = {isa = PBXBuildFile; fileRef = 442473D02869B8290059CFCC /* TaskRepository.swift */; };
		442646B92887F98D004C22D8 /* Localizable.strings in Resources */ = {isa = PBXBuildFile; fileRef = 442646BB2887F98D004C22D8 /* Localizable.strings */; };
		442646BE2887FA17004C22D8 /* String+Extensions.swift in Sources */ = {isa = PBXBuildFile; fileRef = 442646BD2887FA17004C22D8 /* String+Extensions.swift */; };
		442646C228880322004C22D8 /* Const.swift in Sources */ = {isa = PBXBuildFile; fileRef = 442646C128880322004C22D8 /* Const.swift */; };
		44264708288DB145004C22D8 /* WriteTaskUseCase.swift in Sources */ = {isa = PBXBuildFile; fileRef = 44264707288DB145004C22D8 /* WriteTaskUseCase.swift */; };
		4426470E2892C30A004C22D8 /* ThemeAlertController.swift in Sources */ = {isa = PBXBuildFile; fileRef = 4426470D2892C30A004C22D8 /* ThemeAlertController.swift */; };
		44443144285EFB400004D468 /* AppDelegate.swift in Sources */ = {isa = PBXBuildFile; fileRef = 44443143285EFB400004D468 /* AppDelegate.swift */; };
		44443146285EFB400004D468 /* SceneDelegate.swift in Sources */ = {isa = PBXBuildFile; fileRef = 44443145285EFB400004D468 /* SceneDelegate.swift */; };
		4444314D285EFB420004D468 /* Assets.xcassets in Resources */ = {isa = PBXBuildFile; fileRef = 4444314C285EFB420004D468 /* Assets.xcassets */; };
		44443150285EFB420004D468 /* LaunchScreen.storyboard in Resources */ = {isa = PBXBuildFile; fileRef = 4444314E285EFB420004D468 /* LaunchScreen.storyboard */; };
		44B90CAB289A487D00B4BADD /* UILabel+Extensions.swift in Sources */ = {isa = PBXBuildFile; fileRef = 44B90CAA289A487D00B4BADD /* UILabel+Extensions.swift */; };
		44B90D06289D6AE500B4BADD /* RealmStorage.swift in Sources */ = {isa = PBXBuildFile; fileRef = 44B90D05289D6AE500B4BADD /* RealmStorage.swift */; };
		44B90D2E28A22C7000B4BADD /* SnapKit in Frameworks */ = {isa = PBXBuildFile; productRef = 44B90D2D28A22C7000B4BADD /* SnapKit */; };
		44B90D3128A22D0500B4BADD /* RxCocoa in Frameworks */ = {isa = PBXBuildFile; productRef = 44B90D3028A22D0500B4BADD /* RxCocoa */; };
		44B90D3328A22D0500B4BADD /* RxRelay in Frameworks */ = {isa = PBXBuildFile; productRef = 44B90D3228A22D0500B4BADD /* RxRelay */; };
		44B90D3528A22D0500B4BADD /* RxSwift in Frameworks */ = {isa = PBXBuildFile; productRef = 44B90D3428A22D0500B4BADD /* RxSwift */; };
		44B90D3A28A22D4E00B4BADD /* Differentiator in Frameworks */ = {isa = PBXBuildFile; productRef = 44B90D3928A22D4E00B4BADD /* Differentiator */; };
		44B90D3C28A22D4E00B4BADD /* RxDataSources in Frameworks */ = {isa = PBXBuildFile; productRef = 44B90D3B28A22D4E00B4BADD /* RxDataSources */; };
		44CDA2B72872F00C00E8F0F0 /* FormStackView.swift in Sources */ = {isa = PBXBuildFile; fileRef = 44CDA2B62872F00C00E8F0F0 /* FormStackView.swift */; };
		44CDA2BE28731F3400E8F0F0 /* FormDailyView.swift in Sources */ = {isa = PBXBuildFile; fileRef = 44CDA2BD28731F3400E8F0F0 /* FormDailyView.swift */; };
		44CDA2E528768BC900E8F0F0 /* UserDefaultsRepository.swift in Sources */ = {isa = PBXBuildFile; fileRef = 44CDA2E428768BC900E8F0F0 /* UserDefaultsRepository.swift */; };
/* End PBXBuildFile section */

/* Begin PBXFileReference section */
		012D2C26288C33270063BB1E /* ThemeMenuButton.swift */ = {isa = PBXFileReference; lastKnownFileType = sourcecode.swift; path = ThemeMenuButton.swift; sourceTree = "<group>"; };
		0183F4492869DAF7005B3243 /* TasksTableViewCell.swift */ = {isa = PBXFileReference; lastKnownFileType = sourcecode.swift; path = TasksTableViewCell.swift; sourceTree = "<group>"; };
		0193D28828A7C65E00F929DC /* OpenSourceLicenseViewController.swift */ = {isa = PBXFileReference; lastKnownFileType = sourcecode.swift; path = OpenSourceLicenseViewController.swift; sourceTree = "<group>"; };
		019EE54E28742F9F00804889 /* Date+Extensions.swift */ = {isa = PBXFileReference; lastKnownFileType = sourcecode.swift; path = "Date+Extensions.swift"; sourceTree = "<group>"; };
		01B4BE0228882884004CE987 /* SettingsTableViewCell.swift */ = {isa = PBXFileReference; lastKnownFileType = sourcecode.swift; path = SettingsTableViewCell.swift; sourceTree = "<group>"; };
		01EF8627287BECDD005F037A /* SettingsSection.swift */ = {isa = PBXFileReference; lastKnownFileType = sourcecode.swift; path = SettingsSection.swift; sourceTree = "<group>"; };
		01EF864F287DAD1B005F037A /* ReadTaskUseCase.swift */ = {isa = PBXFileReference; lastKnownFileType = sourcecode.swift; path = ReadTaskUseCase.swift; sourceTree = "<group>"; };
		440216CF28AB847D008930FD /* OpenSourceLicenseViewModel.swift */ = {isa = PBXFileReference; lastKnownFileType = sourcecode.swift; path = OpenSourceLicenseViewModel.swift; sourceTree = "<group>"; };
		440216DB28AB8E64008930FD /* realm-swift.txt */ = {isa = PBXFileReference; fileEncoding = 4; lastKnownFileType = text; path = "realm-swift.txt"; sourceTree = "<group>"; };
		440216DC28AB8E64008930FD /* SnapKit.txt */ = {isa = PBXFileReference; fileEncoding = 4; lastKnownFileType = text; path = SnapKit.txt; sourceTree = "<group>"; };
		440216DD28AB8E64008930FD /* RxRealm.txt */ = {isa = PBXFileReference; fileEncoding = 4; lastKnownFileType = text; path = RxRealm.txt; sourceTree = "<group>"; };
		440216DE28AB8E64008930FD /* RxSwift.txt */ = {isa = PBXFileReference; fileEncoding = 4; lastKnownFileType = text; path = RxSwift.txt; sourceTree = "<group>"; };
		440216DF28AB8E65008930FD /* RxDataSources.txt */ = {isa = PBXFileReference; fileEncoding = 4; lastKnownFileType = text; path = RxDataSources.txt; sourceTree = "<group>"; };
		440216E528AB8ED2008930FD /* ReadBundleResourceUseCase.swift */ = {isa = PBXFileReference; lastKnownFileType = sourcecode.swift; path = ReadBundleResourceUseCase.swift; sourceTree = "<group>"; };
		442473BB2865874D0059CFCC /* TasksViewController.swift */ = {isa = PBXFileReference; lastKnownFileType = sourcecode.swift; path = TasksViewController.swift; sourceTree = "<group>"; };
		442473BD286587E20059CFCC /* TasksViewModel.swift */ = {isa = PBXFileReference; lastKnownFileType = sourcecode.swift; path = TasksViewModel.swift; sourceTree = "<group>"; };
		442473BF286589310059CFCC /* FormViewController.swift */ = {isa = PBXFileReference; lastKnownFileType = sourcecode.swift; path = FormViewController.swift; sourceTree = "<group>"; };
		442473C12865894A0059CFCC /* FormViewModel.swift */ = {isa = PBXFileReference; lastKnownFileType = sourcecode.swift; path = FormViewModel.swift; sourceTree = "<group>"; };
		442473C3286589700059CFCC /* SettingsViewController.swift */ = {isa = PBXFileReference; lastKnownFileType = sourcecode.swift; path = SettingsViewController.swift; sourceTree = "<group>"; };
		442473C5286589850059CFCC /* SettingsViewModel.swift */ = {isa = PBXFileReference; lastKnownFileType = sourcecode.swift; path = SettingsViewModel.swift; sourceTree = "<group>"; };
		442473C92865D1660059CFCC /* Task.swift */ = {isa = PBXFileReference; lastKnownFileType = sourcecode.swift; path = Task.swift; sourceTree = "<group>"; };
		442473D02869B8290059CFCC /* TaskRepository.swift */ = {isa = PBXFileReference; lastKnownFileType = sourcecode.swift; path = TaskRepository.swift; sourceTree = "<group>"; };
		442646BA2887F98D004C22D8 /* en */ = {isa = PBXFileReference; lastKnownFileType = text.plist.strings; name = en; path = en.lproj/Localizable.strings; sourceTree = "<group>"; };
		442646BC2887F9A0004C22D8 /* ko */ = {isa = PBXFileReference; lastKnownFileType = text.plist.strings; name = ko; path = ko.lproj/Localizable.strings; sourceTree = "<group>"; };
		442646BD2887FA17004C22D8 /* String+Extensions.swift */ = {isa = PBXFileReference; lastKnownFileType = sourcecode.swift; path = "String+Extensions.swift"; sourceTree = "<group>"; };
		442646C128880322004C22D8 /* Const.swift */ = {isa = PBXFileReference; lastKnownFileType = sourcecode.swift; path = Const.swift; sourceTree = "<group>"; };
		44264707288DB145004C22D8 /* WriteTaskUseCase.swift */ = {isa = PBXFileReference; lastKnownFileType = sourcecode.swift; path = WriteTaskUseCase.swift; sourceTree = "<group>"; };
		4426470D2892C30A004C22D8 /* ThemeAlertController.swift */ = {isa = PBXFileReference; lastKnownFileType = sourcecode.swift; path = ThemeAlertController.swift; sourceTree = "<group>"; };
		44443140285EFB400004D468 /* Todolist.app */ = {isa = PBXFileReference; explicitFileType = wrapper.application; includeInIndex = 0; path = Todolist.app; sourceTree = BUILT_PRODUCTS_DIR; };
		44443143285EFB400004D468 /* AppDelegate.swift */ = {isa = PBXFileReference; lastKnownFileType = sourcecode.swift; path = AppDelegate.swift; sourceTree = "<group>"; };
		44443145285EFB400004D468 /* SceneDelegate.swift */ = {isa = PBXFileReference; lastKnownFileType = sourcecode.swift; path = SceneDelegate.swift; sourceTree = "<group>"; };
		4444314C285EFB420004D468 /* Assets.xcassets */ = {isa = PBXFileReference; lastKnownFileType = folder.assetcatalog; path = Assets.xcassets; sourceTree = "<group>"; };
		4444314F285EFB420004D468 /* Base */ = {isa = PBXFileReference; lastKnownFileType = file.storyboard; name = Base; path = Base.lproj/LaunchScreen.storyboard; sourceTree = "<group>"; };
		44443151285EFB420004D468 /* Info.plist */ = {isa = PBXFileReference; lastKnownFileType = text.plist.xml; path = Info.plist; sourceTree = "<group>"; };
		44B90CAA289A487D00B4BADD /* UILabel+Extensions.swift */ = {isa = PBXFileReference; lastKnownFileType = sourcecode.swift; path = "UILabel+Extensions.swift"; sourceTree = "<group>"; };
		44B90D05289D6AE500B4BADD /* RealmStorage.swift */ = {isa = PBXFileReference; lastKnownFileType = sourcecode.swift; path = RealmStorage.swift; sourceTree = "<group>"; };
		44CDA2B62872F00C00E8F0F0 /* FormStackView.swift */ = {isa = PBXFileReference; lastKnownFileType = sourcecode.swift; path = FormStackView.swift; sourceTree = "<group>"; };
		44CDA2BD28731F3400E8F0F0 /* FormDailyView.swift */ = {isa = PBXFileReference; lastKnownFileType = sourcecode.swift; path = FormDailyView.swift; sourceTree = "<group>"; };
		44CDA2E428768BC900E8F0F0 /* UserDefaultsRepository.swift */ = {isa = PBXFileReference; lastKnownFileType = sourcecode.swift; path = UserDefaultsRepository.swift; sourceTree = "<group>"; };
/* End PBXFileReference section */

/* Begin PBXFrameworksBuildPhase section */
		4444313D285EFB400004D468 /* Frameworks */ = {
			isa = PBXFrameworksBuildPhase;
			buildActionMask = 2147483647;
			files = (
				44B90D3328A22D0500B4BADD /* RxRelay in Frameworks */,
				44B90D3128A22D0500B4BADD /* RxCocoa in Frameworks */,
				44B90D3528A22D0500B4BADD /* RxSwift in Frameworks */,
				44B90D3C28A22D4E00B4BADD /* RxDataSources in Frameworks */,
				44B90D3A28A22D4E00B4BADD /* Differentiator in Frameworks */,
				44B90D2E28A22C7000B4BADD /* SnapKit in Frameworks */,
				440216CC28A3B959008930FD /* RxRealm in Frameworks */,
			);
			runOnlyForDeploymentPostprocessing = 0;
		};
/* End PBXFrameworksBuildPhase section */

/* Begin PBXGroup section */
		019EE55028742FA900804889 /* Utils */ = {
			isa = PBXGroup;
			children = (
				442646BD2887FA17004C22D8 /* String+Extensions.swift */,
				019EE54E28742F9F00804889 /* Date+Extensions.swift */,
				44B90CAA289A487D00B4BADD /* UILabel+Extensions.swift */,
			);
			path = Utils;
			sourceTree = "<group>";
		};
		01B4BE042888288A004CE987 /* Views */ = {
			isa = PBXGroup;
			children = (
				01B4BE0228882884004CE987 /* SettingsTableViewCell.swift */,
				012D2C26288C33270063BB1E /* ThemeMenuButton.swift */,
			);
			path = Views;
			sourceTree = "<group>";
		};
		440216CD28AB8347008930FD /* Controllers */ = {
			isa = PBXGroup;
			children = (
				4426470D2892C30A004C22D8 /* ThemeAlertController.swift */,
				0193D28828A7C65E00F929DC /* OpenSourceLicenseViewController.swift */,
			);
			path = Controllers;
			sourceTree = "<group>";
		};
		440216CE28AB8457008930FD /* ViewModels */ = {
			isa = PBXGroup;
			children = (
				440216CF28AB847D008930FD /* OpenSourceLicenseViewModel.swift */,
			);
			path = ViewModels;
			sourceTree = "<group>";
		};
		440216D828AB8CA0008930FD /* Licenses */ = {
			isa = PBXGroup;
			children = (
				440216DB28AB8E64008930FD /* realm-swift.txt */,
				440216DF28AB8E65008930FD /* RxDataSources.txt */,
				440216DD28AB8E64008930FD /* RxRealm.txt */,
				440216DE28AB8E64008930FD /* RxSwift.txt */,
				440216DC28AB8E64008930FD /* SnapKit.txt */,
			);
			path = Licenses;
			sourceTree = "<group>";
		};
		442473B6286587030059CFCC /* Tasks */ = {
			isa = PBXGroup;
			children = (
				442473BB2865874D0059CFCC /* TasksViewController.swift */,
				442473BD286587E20059CFCC /* TasksViewModel.swift */,
				442473FE286E11BF0059CFCC /* Views */,
			);
			path = Tasks;
			sourceTree = "<group>";
		};
		442473B7286587080059CFCC /* Settings */ = {
			isa = PBXGroup;
			children = (
				442473C3286589700059CFCC /* SettingsViewController.swift */,
				442473C5286589850059CFCC /* SettingsViewModel.swift */,
				440216CD28AB8347008930FD /* Controllers */,
				440216CE28AB8457008930FD /* ViewModels */,
				01B4BE042888288A004CE987 /* Views */,
			);
			path = Settings;
			sourceTree = "<group>";
		};
		442473B82865870F0059CFCC /* Form */ = {
			isa = PBXGroup;
			children = (
				442473BF286589310059CFCC /* FormViewController.swift */,
				442473C12865894A0059CFCC /* FormViewModel.swift */,
				44CDA2B52872EFF900E8F0F0 /* Views */,
			);
			path = Form;
			sourceTree = "<group>";
		};
		442473C72865CFE00059CFCC /* Domain */ = {
			isa = PBXGroup;
			children = (
				442473C82865D1520059CFCC /* Entities */,
				442473CB2865D1DE0059CFCC /* UseCases */,
			);
			path = Domain;
			sourceTree = "<group>";
		};
		442473C82865D1520059CFCC /* Entities */ = {
			isa = PBXGroup;
			children = (
				442473C92865D1660059CFCC /* Task.swift */,
				01EF8627287BECDD005F037A /* SettingsSection.swift */,
			);
			path = Entities;
			sourceTree = "<group>";
		};
		442473CB2865D1DE0059CFCC /* UseCases */ = {
			isa = PBXGroup;
			children = (
				01EF864F287DAD1B005F037A /* ReadTaskUseCase.swift */,
				44264707288DB145004C22D8 /* WriteTaskUseCase.swift */,
				440216E528AB8ED2008930FD /* ReadBundleResourceUseCase.swift */,
			);
			path = UseCases;
			sourceTree = "<group>";
		};
		442473CE2869B7E80059CFCC /* Data */ = {
			isa = PBXGroup;
			children = (
				442473CF2869B7F90059CFCC /* Repositories */,
				442473D22869B9CE0059CFCC /* Storages */,
			);
			path = Data;
			sourceTree = "<group>";
		};
		442473CF2869B7F90059CFCC /* Repositories */ = {
			isa = PBXGroup;
			children = (
				44CDA2E428768BC900E8F0F0 /* UserDefaultsRepository.swift */,
				442473D02869B8290059CFCC /* TaskRepository.swift */,
			);
			path = Repositories;
			sourceTree = "<group>";
		};
		442473D22869B9CE0059CFCC /* Storages */ = {
			isa = PBXGroup;
			children = (
				44B90D05289D6AE500B4BADD /* RealmStorage.swift */,
			);
			path = Storages;
			sourceTree = "<group>";
		};
		442473FE286E11BF0059CFCC /* Views */ = {
			isa = PBXGroup;
			children = (
				0183F4492869DAF7005B3243 /* TasksTableViewCell.swift */,
			);
			path = Views;
			sourceTree = "<group>";
		};
		44443137285EFB400004D468 = {
			isa = PBXGroup;
			children = (
				44443142285EFB400004D468 /* Todolist */,
				44443141285EFB400004D468 /* Products */,
			);
			sourceTree = "<group>";
		};
		44443141285EFB400004D468 /* Products */ = {
			isa = PBXGroup;
			children = (
				44443140285EFB400004D468 /* Todolist.app */,
			);
			name = Products;
			sourceTree = "<group>";
		};
		44443142285EFB400004D468 /* Todolist */ = {
			isa = PBXGroup;
			children = (
				4444315828619CB60004D468 /* Application */,
				4444315928619CD90004D468 /* Presentation */,
				442473C72865CFE00059CFCC /* Domain */,
				442473CE2869B7E80059CFCC /* Data */,
				019EE55028742FA900804889 /* Utils */,
				4444315A28619CFC0004D468 /* Resources */,
			);
			path = Todolist;
			sourceTree = "<group>";
		};
		4444315828619CB60004D468 /* Application */ = {
			isa = PBXGroup;
			children = (
				44443143285EFB400004D468 /* AppDelegate.swift */,
				44443145285EFB400004D468 /* SceneDelegate.swift */,
			);
			path = Application;
			sourceTree = "<group>";
		};
		4444315928619CD90004D468 /* Presentation */ = {
			isa = PBXGroup;
			children = (
				4444314E285EFB420004D468 /* LaunchScreen.storyboard */,
				442473B6286587030059CFCC /* Tasks */,
				442473B82865870F0059CFCC /* Form */,
				442473B7286587080059CFCC /* Settings */,
			);
			path = Presentation;
			sourceTree = "<group>";
		};
		4444315A28619CFC0004D468 /* Resources */ = {
			isa = PBXGroup;
			children = (
				442646C128880322004C22D8 /* Const.swift */,
				440216D828AB8CA0008930FD /* Licenses */,
				4444314C285EFB420004D468 /* Assets.xcassets */,
				44443151285EFB420004D468 /* Info.plist */,
				442646BB2887F98D004C22D8 /* Localizable.strings */,
			);
			path = Resources;
			sourceTree = "<group>";
		};
		44CDA2B52872EFF900E8F0F0 /* Views */ = {
			isa = PBXGroup;
			children = (
				44CDA2B62872F00C00E8F0F0 /* FormStackView.swift */,
				44CDA2BD28731F3400E8F0F0 /* FormDailyView.swift */,
			);
			path = Views;
			sourceTree = "<group>";
		};
/* End PBXGroup section */

/* Begin PBXNativeTarget section */
		4444313F285EFB400004D468 /* Todolist */ = {
			isa = PBXNativeTarget;
			buildConfigurationList = 44443154285EFB420004D468 /* Build configuration list for PBXNativeTarget "Todolist" */;
			buildPhases = (
				4444313C285EFB400004D468 /* Sources */,
				4444313D285EFB400004D468 /* Frameworks */,
				4444313E285EFB400004D468 /* Resources */,
			);
			buildRules = (
			);
			dependencies = (
			);
			name = Todolist;
			packageProductDependencies = (
				44B90D2D28A22C7000B4BADD /* SnapKit */,
				44B90D3028A22D0500B4BADD /* RxCocoa */,
				44B90D3228A22D0500B4BADD /* RxRelay */,
				44B90D3428A22D0500B4BADD /* RxSwift */,
				44B90D3928A22D4E00B4BADD /* Differentiator */,
				44B90D3B28A22D4E00B4BADD /* RxDataSources */,
				440216CB28A3B959008930FD /* RxRealm */,
			);
			productName = Todolist;
			productReference = 44443140285EFB400004D468 /* Todolist.app */;
			productType = "com.apple.product-type.application";
		};
/* End PBXNativeTarget section */

/* Begin PBXProject section */
		44443138285EFB400004D468 /* Project object */ = {
			isa = PBXProject;
			attributes = {
				BuildIndependentTargetsInParallel = 1;
				LastSwiftUpdateCheck = 1340;
				LastUpgradeCheck = 1340;
				TargetAttributes = {
					4444313F285EFB400004D468 = {
						CreatedOnToolsVersion = 13.4.1;
					};
				};
			};
			buildConfigurationList = 4444313B285EFB400004D468 /* Build configuration list for PBXProject "Todolist" */;
			compatibilityVersion = "Xcode 13.0";
			developmentRegion = en;
			hasScannedForEncodings = 0;
			knownRegions = (
				en,
				Base,
				ko,
			);
			mainGroup = 44443137285EFB400004D468;
			packageReferences = (
				44B90D2C28A22C7000B4BADD /* XCRemoteSwiftPackageReference "SnapKit" */,
				44B90D2F28A22D0500B4BADD /* XCRemoteSwiftPackageReference "RxSwift" */,
				44B90D3828A22D4E00B4BADD /* XCRemoteSwiftPackageReference "RxDataSources" */,
				440216CA28A3B959008930FD /* XCRemoteSwiftPackageReference "RxRealm" */,
			);
			productRefGroup = 44443141285EFB400004D468 /* Products */;
			projectDirPath = "";
			projectRoot = "";
			targets = (
				4444313F285EFB400004D468 /* Todolist */,
			);
		};
/* End PBXProject section */

/* Begin PBXResourcesBuildPhase section */
		4444313E285EFB400004D468 /* Resources */ = {
			isa = PBXResourcesBuildPhase;
			buildActionMask = 2147483647;
			files = (
				440216E228AB8E65008930FD /* RxRealm.txt in Resources */,
				440216E028AB8E65008930FD /* realm-swift.txt in Resources */,
				44443150285EFB420004D468 /* LaunchScreen.storyboard in Resources */,
				440216E128AB8E65008930FD /* SnapKit.txt in Resources */,
				442646B92887F98D004C22D8 /* Localizable.strings in Resources */,
				4444314D285EFB420004D468 /* Assets.xcassets in Resources */,
				440216E328AB8E65008930FD /* RxSwift.txt in Resources */,
				440216E428AB8E65008930FD /* RxDataSources.txt in Resources */,
			);
			runOnlyForDeploymentPostprocessing = 0;
		};
/* End PBXResourcesBuildPhase section */

/* Begin PBXSourcesBuildPhase section */
		4444313C285EFB400004D468 /* Sources */ = {
			isa = PBXSourcesBuildPhase;
			buildActionMask = 2147483647;
			files = (
				442473C0286589310059CFCC /* FormViewController.swift in Sources */,
				442473CA2865D1660059CFCC /* Task.swift in Sources */,
				44264708288DB145004C22D8 /* WriteTaskUseCase.swift in Sources */,
				442646C228880322004C22D8 /* Const.swift in Sources */,
				442473BC2865874D0059CFCC /* TasksViewController.swift in Sources */,
				44CDA2E528768BC900E8F0F0 /* UserDefaultsRepository.swift in Sources */,
				01EF8650287DAD1B005F037A /* ReadTaskUseCase.swift in Sources */,
				44CDA2BE28731F3400E8F0F0 /* FormDailyView.swift in Sources */,
				44443144285EFB400004D468 /* AppDelegate.swift in Sources */,
				0183F44A2869DAF7005B3243 /* TasksTableViewCell.swift in Sources */,
				442473D12869B8290059CFCC /* TaskRepository.swift in Sources */,
				442646BE2887FA17004C22D8 /* String+Extensions.swift in Sources */,
				019EE54F28742F9F00804889 /* Date+Extensions.swift in Sources */,
				4426470E2892C30A004C22D8 /* ThemeAlertController.swift in Sources */,
				440216D028AB847D008930FD /* OpenSourceLicenseViewModel.swift in Sources */,
				44CDA2B72872F00C00E8F0F0 /* FormStackView.swift in Sources */,
				442473C22865894A0059CFCC /* FormViewModel.swift in Sources */,
				01EF8628287BECDD005F037A /* SettingsSection.swift in Sources */,
				44443146285EFB400004D468 /* SceneDelegate.swift in Sources */,
				44B90CAB289A487D00B4BADD /* UILabel+Extensions.swift in Sources */,
				442473BE286587E20059CFCC /* TasksViewModel.swift in Sources */,
				44B90D06289D6AE500B4BADD /* RealmStorage.swift in Sources */,
				0193D28928A7C65E00F929DC /* OpenSourceLicenseViewController.swift in Sources */,
				442473C4286589700059CFCC /* SettingsViewController.swift in Sources */,
				440216E628AB8ED2008930FD /* ReadBundleResourceUseCase.swift in Sources */,
				012D2C27288C33270063BB1E /* ThemeMenuButton.swift in Sources */,
				442473C6286589850059CFCC /* SettingsViewModel.swift in Sources */,
				01B4BE0328882884004CE987 /* SettingsTableViewCell.swift in Sources */,
			);
			runOnlyForDeploymentPostprocessing = 0;
		};
/* End PBXSourcesBuildPhase section */

/* Begin PBXVariantGroup section */
		442646BB2887F98D004C22D8 /* Localizable.strings */ = {
			isa = PBXVariantGroup;
			children = (
				442646BA2887F98D004C22D8 /* en */,
				442646BC2887F9A0004C22D8 /* ko */,
			);
			name = Localizable.strings;
			sourceTree = "<group>";
		};
		4444314E285EFB420004D468 /* LaunchScreen.storyboard */ = {
			isa = PBXVariantGroup;
			children = (
				4444314F285EFB420004D468 /* Base */,
			);
			name = LaunchScreen.storyboard;
			sourceTree = "<group>";
		};
/* End PBXVariantGroup section */

/* Begin XCBuildConfiguration section */
		44443152285EFB420004D468 /* Debug */ = {
			isa = XCBuildConfiguration;
			buildSettings = {
				ALWAYS_SEARCH_USER_PATHS = NO;
				CLANG_ANALYZER_LOCALIZABILITY_NONLOCALIZED = YES;
				CLANG_ANALYZER_NONNULL = YES;
				CLANG_ANALYZER_NUMBER_OBJECT_CONVERSION = YES_AGGRESSIVE;
				CLANG_CXX_LANGUAGE_STANDARD = "gnu++17";
				CLANG_ENABLE_MODULES = YES;
				CLANG_ENABLE_OBJC_ARC = YES;
				CLANG_ENABLE_OBJC_WEAK = YES;
				CLANG_WARN_BLOCK_CAPTURE_AUTORELEASING = YES;
				CLANG_WARN_BOOL_CONVERSION = YES;
				CLANG_WARN_COMMA = YES;
				CLANG_WARN_CONSTANT_CONVERSION = YES;
				CLANG_WARN_DEPRECATED_OBJC_IMPLEMENTATIONS = YES;
				CLANG_WARN_DIRECT_OBJC_ISA_USAGE = YES_ERROR;
				CLANG_WARN_DOCUMENTATION_COMMENTS = YES;
				CLANG_WARN_EMPTY_BODY = YES;
				CLANG_WARN_ENUM_CONVERSION = YES;
				CLANG_WARN_INFINITE_RECURSION = YES;
				CLANG_WARN_INT_CONVERSION = YES;
				CLANG_WARN_NON_LITERAL_NULL_CONVERSION = YES;
				CLANG_WARN_OBJC_IMPLICIT_RETAIN_SELF = YES;
				CLANG_WARN_OBJC_LITERAL_CONVERSION = YES;
				CLANG_WARN_OBJC_ROOT_CLASS = YES_ERROR;
				CLANG_WARN_QUOTED_INCLUDE_IN_FRAMEWORK_HEADER = YES;
				CLANG_WARN_RANGE_LOOP_ANALYSIS = YES;
				CLANG_WARN_STRICT_PROTOTYPES = YES;
				CLANG_WARN_SUSPICIOUS_MOVE = YES;
				CLANG_WARN_UNGUARDED_AVAILABILITY = YES_AGGRESSIVE;
				CLANG_WARN_UNREACHABLE_CODE = YES;
				CLANG_WARN__DUPLICATE_METHOD_MATCH = YES;
				COPY_PHASE_STRIP = NO;
				DEBUG_INFORMATION_FORMAT = dwarf;
				ENABLE_STRICT_OBJC_MSGSEND = YES;
				ENABLE_TESTABILITY = YES;
				GCC_C_LANGUAGE_STANDARD = gnu11;
				GCC_DYNAMIC_NO_PIC = NO;
				GCC_NO_COMMON_BLOCKS = YES;
				GCC_OPTIMIZATION_LEVEL = 0;
				GCC_PREPROCESSOR_DEFINITIONS = (
					"DEBUG=1",
					"$(inherited)",
				);
				GCC_WARN_64_TO_32_BIT_CONVERSION = YES;
				GCC_WARN_ABOUT_RETURN_TYPE = YES_ERROR;
				GCC_WARN_UNDECLARED_SELECTOR = YES;
				GCC_WARN_UNINITIALIZED_AUTOS = YES_AGGRESSIVE;
				GCC_WARN_UNUSED_FUNCTION = YES;
				GCC_WARN_UNUSED_VARIABLE = YES;
				IPHONEOS_DEPLOYMENT_TARGET = 13.0;
				MTL_ENABLE_DEBUG_INFO = INCLUDE_SOURCE;
				MTL_FAST_MATH = YES;
				ONLY_ACTIVE_ARCH = YES;
				SDKROOT = iphoneos;
				SWIFT_ACTIVE_COMPILATION_CONDITIONS = DEBUG;
				SWIFT_OPTIMIZATION_LEVEL = "-Onone";
			};
			name = Debug;
		};
		44443153285EFB420004D468 /* Release */ = {
			isa = XCBuildConfiguration;
			buildSettings = {
				ALWAYS_SEARCH_USER_PATHS = NO;
				CLANG_ANALYZER_LOCALIZABILITY_NONLOCALIZED = YES;
				CLANG_ANALYZER_NONNULL = YES;
				CLANG_ANALYZER_NUMBER_OBJECT_CONVERSION = YES_AGGRESSIVE;
				CLANG_CXX_LANGUAGE_STANDARD = "gnu++17";
				CLANG_ENABLE_MODULES = YES;
				CLANG_ENABLE_OBJC_ARC = YES;
				CLANG_ENABLE_OBJC_WEAK = YES;
				CLANG_WARN_BLOCK_CAPTURE_AUTORELEASING = YES;
				CLANG_WARN_BOOL_CONVERSION = YES;
				CLANG_WARN_COMMA = YES;
				CLANG_WARN_CONSTANT_CONVERSION = YES;
				CLANG_WARN_DEPRECATED_OBJC_IMPLEMENTATIONS = YES;
				CLANG_WARN_DIRECT_OBJC_ISA_USAGE = YES_ERROR;
				CLANG_WARN_DOCUMENTATION_COMMENTS = YES;
				CLANG_WARN_EMPTY_BODY = YES;
				CLANG_WARN_ENUM_CONVERSION = YES;
				CLANG_WARN_INFINITE_RECURSION = YES;
				CLANG_WARN_INT_CONVERSION = YES;
				CLANG_WARN_NON_LITERAL_NULL_CONVERSION = YES;
				CLANG_WARN_OBJC_IMPLICIT_RETAIN_SELF = YES;
				CLANG_WARN_OBJC_LITERAL_CONVERSION = YES;
				CLANG_WARN_OBJC_ROOT_CLASS = YES_ERROR;
				CLANG_WARN_QUOTED_INCLUDE_IN_FRAMEWORK_HEADER = YES;
				CLANG_WARN_RANGE_LOOP_ANALYSIS = YES;
				CLANG_WARN_STRICT_PROTOTYPES = YES;
				CLANG_WARN_SUSPICIOUS_MOVE = YES;
				CLANG_WARN_UNGUARDED_AVAILABILITY = YES_AGGRESSIVE;
				CLANG_WARN_UNREACHABLE_CODE = YES;
				CLANG_WARN__DUPLICATE_METHOD_MATCH = YES;
				COPY_PHASE_STRIP = NO;
				DEBUG_INFORMATION_FORMAT = "dwarf-with-dsym";
				ENABLE_NS_ASSERTIONS = NO;
				ENABLE_STRICT_OBJC_MSGSEND = YES;
				GCC_C_LANGUAGE_STANDARD = gnu11;
				GCC_NO_COMMON_BLOCKS = YES;
				GCC_WARN_64_TO_32_BIT_CONVERSION = YES;
				GCC_WARN_ABOUT_RETURN_TYPE = YES_ERROR;
				GCC_WARN_UNDECLARED_SELECTOR = YES;
				GCC_WARN_UNINITIALIZED_AUTOS = YES_AGGRESSIVE;
				GCC_WARN_UNUSED_FUNCTION = YES;
				GCC_WARN_UNUSED_VARIABLE = YES;
				IPHONEOS_DEPLOYMENT_TARGET = 13.0;
				MTL_ENABLE_DEBUG_INFO = NO;
				MTL_FAST_MATH = YES;
				SDKROOT = iphoneos;
				SWIFT_COMPILATION_MODE = wholemodule;
				SWIFT_OPTIMIZATION_LEVEL = "-O";
				VALIDATE_PRODUCT = YES;
			};
			name = Release;
		};
		44443155285EFB420004D468 /* Debug */ = {
			isa = XCBuildConfiguration;
			buildSettings = {
				ASSETCATALOG_COMPILER_APPICON_NAME = AppIcon;
				ASSETCATALOG_COMPILER_GLOBAL_ACCENT_COLOR_NAME = AccentColor;
				CODE_SIGN_IDENTITY = "iPhone Developer";
				CODE_SIGN_STYLE = Manual;
				CURRENT_PROJECT_VERSION = 1;
				DEVELOPMENT_TEAM = 37CRZBHS68;
				GENERATE_INFOPLIST_FILE = YES;
				INFOPLIST_FILE = Todolist/Resources/Info.plist;
				INFOPLIST_KEY_UIApplicationSupportsIndirectInputEvents = YES;
				INFOPLIST_KEY_UILaunchStoryboardName = LaunchScreen;
				INFOPLIST_KEY_UISupportedInterfaceOrientations_iPad = "UIInterfaceOrientationPortrait UIInterfaceOrientationPortraitUpsideDown UIInterfaceOrientationLandscapeLeft UIInterfaceOrientationLandscapeRight";
				INFOPLIST_KEY_UISupportedInterfaceOrientations_iPhone = "UIInterfaceOrientationPortrait UIInterfaceOrientationLandscapeLeft UIInterfaceOrientationLandscapeRight";
				LD_RUNPATH_SEARCH_PATHS = (
					"$(inherited)",
					"@executable_path/Frameworks",
				);
				MARKETING_VERSION = 0.0.1;
				PRODUCT_BUNDLE_IDENTIFIER = youseokhwan.simpletodolist;
				PRODUCT_NAME = "$(TARGET_NAME)";
				PROVISIONING_PROFILE_SPECIFIER = SimpleTodolistDevelopment;
				SWIFT_EMIT_LOC_STRINGS = YES;
				SWIFT_VERSION = 5.0;
				TARGETED_DEVICE_FAMILY = 1;
			};
			name = Debug;
		};
		44443156285EFB420004D468 /* Release */ = {
			isa = XCBuildConfiguration;
			buildSettings = {
				ASSETCATALOG_COMPILER_APPICON_NAME = AppIcon;
				ASSETCATALOG_COMPILER_GLOBAL_ACCENT_COLOR_NAME = AccentColor;
				CODE_SIGN_IDENTITY = "iPhone Developer";
				CODE_SIGN_STYLE = Manual;
				CURRENT_PROJECT_VERSION = 1;
				DEVELOPMENT_TEAM = 37CRZBHS68;
				GENERATE_INFOPLIST_FILE = YES;
				INFOPLIST_FILE = Todolist/Resources/Info.plist;
				INFOPLIST_KEY_UIApplicationSupportsIndirectInputEvents = YES;
				INFOPLIST_KEY_UILaunchStoryboardName = LaunchScreen;
				INFOPLIST_KEY_UISupportedInterfaceOrientations_iPad = "UIInterfaceOrientationPortrait UIInterfaceOrientationPortraitUpsideDown UIInterfaceOrientationLandscapeLeft UIInterfaceOrientationLandscapeRight";
				INFOPLIST_KEY_UISupportedInterfaceOrientations_iPhone = "UIInterfaceOrientationPortrait UIInterfaceOrientationLandscapeLeft UIInterfaceOrientationLandscapeRight";
				LD_RUNPATH_SEARCH_PATHS = (
					"$(inherited)",
					"@executable_path/Frameworks",
				);
				MARKETING_VERSION = 0.0.1;
				PRODUCT_BUNDLE_IDENTIFIER = youseokhwan.simpletodolist;
				PRODUCT_NAME = "$(TARGET_NAME)";
				PROVISIONING_PROFILE_SPECIFIER = SimpleTodolistDevelopment;
				SWIFT_EMIT_LOC_STRINGS = YES;
				SWIFT_VERSION = 5.0;
				TARGETED_DEVICE_FAMILY = 1;
			};
			name = Release;
		};
/* End XCBuildConfiguration section */

/* Begin XCConfigurationList section */
		4444313B285EFB400004D468 /* Build configuration list for PBXProject "Todolist" */ = {
			isa = XCConfigurationList;
			buildConfigurations = (
				44443152285EFB420004D468 /* Debug */,
				44443153285EFB420004D468 /* Release */,
			);
			defaultConfigurationIsVisible = 0;
			defaultConfigurationName = Release;
		};
		44443154285EFB420004D468 /* Build configuration list for PBXNativeTarget "Todolist" */ = {
			isa = XCConfigurationList;
			buildConfigurations = (
				44443155285EFB420004D468 /* Debug */,
				44443156285EFB420004D468 /* Release */,
			);
			defaultConfigurationIsVisible = 0;
			defaultConfigurationName = Release;
		};
/* End XCConfigurationList section */

/* Begin XCRemoteSwiftPackageReference section */
		440216CA28A3B959008930FD /* XCRemoteSwiftPackageReference "RxRealm" */ = {
			isa = XCRemoteSwiftPackageReference;
			repositoryURL = "https://github.com/RxSwiftCommunity/RxRealm";
			requirement = {
				kind = exactVersion;
				version = 5.0.4;
			};
		};
		44B90D2C28A22C7000B4BADD /* XCRemoteSwiftPackageReference "SnapKit" */ = {
			isa = XCRemoteSwiftPackageReference;
			repositoryURL = "https://github.com/SnapKit/SnapKit";
			requirement = {
				kind = exactVersion;
				version = 5.6.0;
			};
		};
		44B90D2F28A22D0500B4BADD /* XCRemoteSwiftPackageReference "RxSwift" */ = {
			isa = XCRemoteSwiftPackageReference;
			repositoryURL = "https://github.com/ReactiveX/RxSwift";
			requirement = {
				kind = exactVersion;
				version = 6.5.0;
			};
		};
		44B90D3828A22D4E00B4BADD /* XCRemoteSwiftPackageReference "RxDataSources" */ = {
			isa = XCRemoteSwiftPackageReference;
			repositoryURL = "https://github.com/RxSwiftCommunity/RxDataSources";
			requirement = {
				kind = exactVersion;
				version = 5.0.2;
			};
		};
/* End XCRemoteSwiftPackageReference section */

/* Begin XCSwiftPackageProductDependency section */
		440216CB28A3B959008930FD /* RxRealm */ = {
			isa = XCSwiftPackageProductDependency;
			package = 440216CA28A3B959008930FD /* XCRemoteSwiftPackageReference "RxRealm" */;
			productName = RxRealm;
		};
		44B90D2D28A22C7000B4BADD /* SnapKit */ = {
			isa = XCSwiftPackageProductDependency;
			package = 44B90D2C28A22C7000B4BADD /* XCRemoteSwiftPackageReference "SnapKit" */;
			productName = SnapKit;
		};
		44B90D3028A22D0500B4BADD /* RxCocoa */ = {
			isa = XCSwiftPackageProductDependency;
			package = 44B90D2F28A22D0500B4BADD /* XCRemoteSwiftPackageReference "RxSwift" */;
			productName = RxCocoa;
		};
		44B90D3228A22D0500B4BADD /* RxRelay */ = {
			isa = XCSwiftPackageProductDependency;
			package = 44B90D2F28A22D0500B4BADD /* XCRemoteSwiftPackageReference "RxSwift" */;
			productName = RxRelay;
		};
		44B90D3428A22D0500B4BADD /* RxSwift */ = {
			isa = XCSwiftPackageProductDependency;
			package = 44B90D2F28A22D0500B4BADD /* XCRemoteSwiftPackageReference "RxSwift" */;
			productName = RxSwift;
		};
		44B90D3928A22D4E00B4BADD /* Differentiator */ = {
			isa = XCSwiftPackageProductDependency;
			package = 44B90D3828A22D4E00B4BADD /* XCRemoteSwiftPackageReference "RxDataSources" */;
			productName = Differentiator;
		};
		44B90D3B28A22D4E00B4BADD /* RxDataSources */ = {
			isa = XCSwiftPackageProductDependency;
			package = 44B90D3828A22D4E00B4BADD /* XCRemoteSwiftPackageReference "RxDataSources" */;
			productName = RxDataSources;
		};
/* End XCSwiftPackageProductDependency section */
	};
	rootObject = 44443138285EFB400004D468 /* Project object */;
}
